{
  "name": "cogent",
  "version": "1.0.0",
  "lockfileVersion": 3,
  "requires": true,
  "packages": {
    "": {
      "name": "cogent",
      "version": "1.0.0",
      "dependencies": {
        "magic-string": "^1.3.1"
      },
      "engines": {
        "node": ">=22"
      }
    },
    "node_modules/@jridgewell/sourcemap-codec": {
      "version": "1.6.0",
      "resolved": "https://registry.npmjs.org/@jridgewell/sourcemap-codec/-/sourcemap-codec-1.6.0.tgz",
      "integrity": "sha512-T7jf+5zgsZHwNJ4lvQ7/aezbyk0nNX+zJVWpmHA7VYsEx7a7qr5Rg5IbtJFqkgze5Y2sruq1RUY8Q837Od7iFw==",
      "license": "MIT"
    },
    "node_modules/magic-string": {
      "version": "1.3.1",
      "resolved": "https://registry.npmjs.org/magic-string/-/magic-string-1.3.1.tgz",
      "integrity": "sha512-rm91zr2Ou+XueDTohjQQjdQEcYM6zVi8KVUCG8Ec3vHwUEKrhSdCNyfuIywkA6hcCAteIn0ZOtAHA6eGpiX+Pg==",
      "license": "MIT",
      "dependencies": {
        "@jridgewell/sourcemap-codec": "^1.6.0"
      }
    }
  }
}
